// !$*UTF8*$!
{
	archiveVersion = 1;
	classes = {
	};
	objectVersion = 55;
	objects = {

/* Begin PBXBuildFile section */
		B3498A722772F17000557C2F /* Quick in Frameworks */ = {isa = PBXBuildFile; productRef = B3498A712772F17000557C2F /* Quick */; };
		B3498A742772F17B00557C2F /* Nimble in Frameworks */ = {isa = PBXBuildFile; productRef = B3498A732772F17B00557C2F /* Nimble */; };
		B3498A762772F1A000557C2F /* QuickTests.swift in Sources */ = {isa = PBXBuildFile; fileRef = B3498A752772F1A000557C2F /* QuickTests.swift */; };
		B38079282775A2D10082ECCD /* CombineTests.swift in Sources */ = {isa = PBXBuildFile; fileRef = B38079272775A2D10082ECCD /* CombineTests.swift */; };
		B380792B2775B4470082ECCD /* landmarkData.json in Resources */ = {isa = PBXBuildFile; fileRef = B380792A2775B4470082ECCD /* landmarkData.json */; };
		B380792D2775B4B70082ECCD /* LandmarkT.swift in Sources */ = {isa = PBXBuildFile; fileRef = B380792C2775B4B60082ECCD /* LandmarkT.swift */; };
		B380792F2775BD120082ECCD /* NotificationCenterPublisherTests.swift in Sources */ = {isa = PBXBuildFile; fileRef = B380792E2775BD120082ECCD /* NotificationCenterPublisherTests.swift */; };
		B38108E2276CE97B0033F57D /* iHackerApp.swift in Sources */ = {isa = PBXBuildFile; fileRef = B38108E1276CE97B0033F57D /* iHackerApp.swift */; };
		B38108E4276CE97B0033F57D /* ContentView.swift in Sources */ = {isa = PBXBuildFile; fileRef = B38108E3276CE97B0033F57D /* ContentView.swift */; };
		B38108E6276CE97D0033F57D /* Assets.xcassets in Resources */ = {isa = PBXBuildFile; fileRef = B38108E5276CE97D0033F57D /* Assets.xcassets */; };
		B38108E9276CE97D0033F57D /* Preview Assets.xcassets in Resources */ = {isa = PBXBuildFile; fileRef = B38108E8276CE97D0033F57D /* Preview Assets.xcassets */; };
		B38108F3276CE97D0033F57D /* iHackerTests.swift in Sources */ = {isa = PBXBuildFile; fileRef = B38108F2276CE97D0033F57D /* iHackerTests.swift */; };
		B38108FD276CE97D0033F57D /* iHackerUITests.swift in Sources */ = {isa = PBXBuildFile; fileRef = B38108FC276CE97D0033F57D /* iHackerUITests.swift */; };
		B38108FF276CE97D0033F57D /* iHackerUITestsLaunchTests.swift in Sources */ = {isa = PBXBuildFile; fileRef = B38108FE276CE97D0033F57D /* iHackerUITestsLaunchTests.swift */; };
/* End PBXBuildFile section */

/* Begin PBXContainerItemProxy section */
		B38108EF276CE97D0033F57D /* PBXContainerItemProxy */ = {
			isa = PBXContainerItemProxy;
			containerPortal = B38108D6276CE97B0033F57D /* Project object */;
			proxyType = 1;
			remoteGlobalIDString = B38108DD276CE97B0033F57D;
			remoteInfo = iHacker;
		};
		B38108F9276CE97D0033F57D /* PBXContainerItemProxy */ = {
			isa = PBXContainerItemProxy;
			containerPortal = B38108D6276CE97B0033F57D /* Project object */;
			proxyType = 1;
			remoteGlobalIDString = B38108DD276CE97B0033F57D;
			remoteInfo = iHacker;
		};
/* End PBXContainerItemProxy section */

/* Begin PBXFileReference section */
		B3498A752772F1A000557C2F /* QuickTests.swift */ = {isa = PBXFileReference; lastKnownFileType = sourcecode.swift; path = QuickTests.swift; sourceTree = "<group>"; };
		B38079272775A2D10082ECCD /* CombineTests.swift */ = {isa = PBXFileReference; lastKnownFileType = sourcecode.swift; path = CombineTests.swift; sourceTree = "<group>"; };
		B380792A2775B4470082ECCD /* landmarkData.json */ = {isa = PBXFileReference; fileEncoding = 4; lastKnownFileType = text.json; path = landmarkData.json; sourceTree = "<group>"; };
		B380792C2775B4B60082ECCD /* LandmarkT.swift */ = {isa = PBXFileReference; lastKnownFileType = sourcecode.swift; path = LandmarkT.swift; sourceTree = "<group>"; };
		B380792E2775BD120082ECCD /* NotificationCenterPublisherTests.swift */ = {isa = PBXFileReference; lastKnownFileType = sourcecode.swift; path = NotificationCenterPublisherTests.swift; sourceTree = "<group>"; };
		B38108DE276CE97B0033F57D /* iHacker.app */ = {isa = PBXFileReference; explicitFileType = wrapper.application; includeInIndex = 0; path = iHacker.app; sourceTree = BUILT_PRODUCTS_DIR; };
		B38108E1276CE97B0033F57D /* iHackerApp.swift */ = {isa = PBXFileReference; lastKnownFileType = sourcecode.swift; path = iHackerApp.swift; sourceTree = "<group>"; };
		B38108E3276CE97B0033F57D /* ContentView.swift */ = {isa = PBXFileReference; lastKnownFileType = sourcecode.swift; path = ContentView.swift; sourceTree = "<group>"; };
		B38108E5276CE97D0033F57D /* Assets.xcassets */ = {isa = PBXFileReference; lastKnownFileType = folder.assetcatalog; path = Assets.xcassets; sourceTree = "<group>"; };
		B38108E8276CE97D0033F57D /* Preview Assets.xcassets */ = {isa = PBXFileReference; lastKnownFileType = folder.assetcatalog; path = "Preview Assets.xcassets"; sourceTree = "<group>"; };
		B38108EE276CE97D0033F57D /* iHackerTests.xctest */ = {isa = PBXFileReference; explicitFileType = wrapper.cfbundle; includeInIndex = 0; path = iHackerTests.xctest; sourceTree = BUILT_PRODUCTS_DIR; };
		B38108F2276CE97D0033F57D /* iHackerTests.swift */ = {isa = PBXFileReference; lastKnownFileType = sourcecode.swift; path = iHackerTests.swift; sourceTree = "<group>"; };
		B38108F8276CE97D0033F57D /* iHackerUITests.xctest */ = {isa = PBXFileReference; explicitFileType = wrapper.cfbundle; includeInIndex = 0; path = iHackerUITests.xctest; sourceTree = BUILT_PRODUCTS_DIR; };
		B38108FC276CE97D0033F57D /* iHackerUITests.swift */ = {isa = PBXFileReference; lastKnownFileType = sourcecode.swift; path = iHackerUITests.swift; sourceTree = "<group>"; };
		B38108FE276CE97D0033F57D /* iHackerUITestsLaunchTests.swift */ = {isa = PBXFileReference; lastKnownFileType = sourcecode.swift; path = iHackerUITestsLaunchTests.swift; sourceTree = "<group>"; };
		B3EF8D8A27716F54003140A9 /* README.md */ = {isa = PBXFileReference; lastKnownFileType = net.daringfireball.markdown; path = README.md; sourceTree = "<group>"; };
/* End PBXFileReference section */

/* Begin PBXFrameworksBuildPhase section */
		B38108DB276CE97B0033F57D /* Frameworks */ = {
			isa = PBXFrameworksBuildPhase;
			buildActionMask = 2147483647;
			files = (
			);
			runOnlyForDeploymentPostprocessing = 0;
		};
		B38108EB276CE97D0033F57D /* Frameworks */ = {
			isa = PBXFrameworksBuildPhase;
			buildActionMask = 2147483647;
			files = (
				B3498A722772F17000557C2F /* Quick in Frameworks */,
				B3498A742772F17B00557C2F /* Nimble in Frameworks */,
			);
			runOnlyForDeploymentPostprocessing = 0;
		};
		B38108F5276CE97D0033F57D /* Frameworks */ = {
			isa = PBXFrameworksBuildPhase;
			buildActionMask = 2147483647;
			files = (
			);
			runOnlyForDeploymentPostprocessing = 0;
		};
/* End PBXFrameworksBuildPhase section */

/* Begin PBXGroup section */
		B38079292775B3E90082ECCD /* Resources */ = {
			isa = PBXGroup;
			children = (
				B380792C2775B4B60082ECCD /* LandmarkT.swift */,
				B380792A2775B4470082ECCD /* landmarkData.json */,
			);
			path = Resources;
			sourceTree = "<group>";
		};
		B38108D5276CE97B0033F57D = {
			isa = PBXGroup;
			children = (
				B38108E0276CE97B0033F57D /* iHacker */,
				B38108F1276CE97D0033F57D /* iHackerTests */,
				B38108FB276CE97D0033F57D /* iHackerUITests */,
				B38108DF276CE97B0033F57D /* Products */,
				B3EF8BBE2770228D003140A9 /* Frameworks */,
			);
			sourceTree = "<group>";
		};
		B38108DF276CE97B0033F57D /* Products */ = {
			isa = PBXGroup;
			children = (
				B38108DE276CE97B0033F57D /* iHacker.app */,
				B38108EE276CE97D0033F57D /* iHackerTests.xctest */,
				B38108F8276CE97D0033F57D /* iHackerUITests.xctest */,
			);
			name = Products;
			sourceTree = "<group>";
		};
		B38108E0276CE97B0033F57D /* iHacker */ = {
			isa = PBXGroup;
			children = (
				B3EF8D8A27716F54003140A9 /* README.md */,
				B38108E1276CE97B0033F57D /* iHackerApp.swift */,
				B38108E3276CE97B0033F57D /* ContentView.swift */,
				B38108E5276CE97D0033F57D /* Assets.xcassets */,
				B38108E7276CE97D0033F57D /* Preview Content */,
			);
			path = iHacker;
			sourceTree = "<group>";
		};
		B38108E7276CE97D0033F57D /* Preview Content */ = {
			isa = PBXGroup;
			children = (
				B38108E8276CE97D0033F57D /* Preview Assets.xcassets */,
			);
			path = "Preview Content";
			sourceTree = "<group>";
		};
		B38108F1276CE97D0033F57D /* iHackerTests */ = {
			isa = PBXGroup;
			children = (
				B38079292775B3E90082ECCD /* Resources */,
				B38108F2276CE97D0033F57D /* iHackerTests.swift */,
				B3498A752772F1A000557C2F /* QuickTests.swift */,
				B38079272775A2D10082ECCD /* CombineTests.swift */,
				B380792E2775BD120082ECCD /* NotificationCenterPublisherTests.swift */,
			);
			path = iHackerTests;
			sourceTree = "<group>";
		};
		B38108FB276CE97D0033F57D /* iHackerUITests */ = {
			isa = PBXGroup;
			children = (
				B38108FC276CE97D0033F57D /* iHackerUITests.swift */,
				B38108FE276CE97D0033F57D /* iHackerUITestsLaunchTests.swift */,
			);
			path = iHackerUITests;
			sourceTree = "<group>";
		};
		B3EF8BBE2770228D003140A9 /* Frameworks */ = {
			isa = PBXGroup;
			children = (
			);
			name = Frameworks;
			sourceTree = "<group>";
		};
/* End PBXGroup section */

/* Begin PBXNativeTarget section */
		B38108DD276CE97B0033F57D /* iHacker */ = {
			isa = PBXNativeTarget;
			buildConfigurationList = B3810902276CE97D0033F57D /* Build configuration list for PBXNativeTarget "iHacker" */;
			buildPhases = (
				B38108DA276CE97B0033F57D /* Sources */,
				B38108DB276CE97B0033F57D /* Frameworks */,
				B38108DC276CE97B0033F57D /* Resources */,
			);
			buildRules = (
			);
			dependencies = (
			);
			name = iHacker;
			packageProductDependencies = (
			);
			productName = iHacker;
			productReference = B38108DE276CE97B0033F57D /* iHacker.app */;
			productType = "com.apple.product-type.application";
		};
		B38108ED276CE97D0033F57D /* iHackerTests */ = {
			isa = PBXNativeTarget;
			buildConfigurationList = B3810905276CE97D0033F57D /* Build configuration list for PBXNativeTarget "iHackerTests" */;
			buildPhases = (
				B38108EA276CE97D0033F57D /* Sources */,
				B38108EB276CE97D0033F57D /* Frameworks */,
				B38108EC276CE97D0033F57D /* Resources */,
			);
			buildRules = (
			);
			dependencies = (
				B38108F0276CE97D0033F57D /* PBXTargetDependency */,
			);
			name = iHackerTests;
			packageProductDependencies = (
				B3498A712772F17000557C2F /* Quick */,
				B3498A732772F17B00557C2F /* Nimble */,
			);
			productName = iHackerTests;
			productReference = B38108EE276CE97D0033F57D /* iHackerTests.xctest */;
			productType = "com.apple.product-type.bundle.unit-test";
		};
		B38108F7276CE97D0033F57D /* iHackerUITests */ = {
			isa = PBXNativeTarget;
			buildConfigurationList = B3810908276CE97D0033F57D /* Build configuration list for PBXNativeTarget "iHackerUITests" */;
			buildPhases = (
				B38108F4276CE97D0033F57D /* Sources */,
				B38108F5276CE97D0033F57D /* Frameworks */,
				B38108F6276CE97D0033F57D /* Resources */,
			);
			buildRules = (
			);
			dependencies = (
				B38108FA276CE97D0033F57D /* PBXTargetDependency */,
			);
			name = iHackerUITests;
			productName = iHackerUITests;
			productReference = B38108F8276CE97D0033F57D /* iHackerUITests.xctest */;
			productType = "com.apple.product-type.bundle.ui-testing";
		};
/* End PBXNativeTarget section */

/* Begin PBXProject section */
		B38108D6276CE97B0033F57D /* Project object */ = {
			isa = PBXProject;
			attributes = {
				BuildIndependentTargetsInParallel = 1;
				LastSwiftUpdateCheck = 1320;
				LastUpgradeCheck = 1320;
				TargetAttributes = {
					B38108DD276CE97B0033F57D = {
						CreatedOnToolsVersion = 13.2;
					};
					B38108ED276CE97D0033F57D = {
						CreatedOnToolsVersion = 13.2;
						TestTargetID = B38108DD276CE97B0033F57D;
					};
					B38108F7276CE97D0033F57D = {
						CreatedOnToolsVersion = 13.2;
						TestTargetID = B38108DD276CE97B0033F57D;
					};
				};
			};
			buildConfigurationList = B38108D9276CE97B0033F57D /* Build configuration list for PBXProject "iHacker" */;
			compatibilityVersion = "Xcode 13.0";
			developmentRegion = en;
			hasScannedForEncodings = 0;
			knownRegions = (
				en,
				Base,
			);
			mainGroup = B38108D5276CE97B0033F57D;
			productRefGroup = B38108DF276CE97B0033F57D /* Products */;
			projectDirPath = "";
			projectRoot = "";
			targets = (
				B38108DD276CE97B0033F57D /* iHacker */,
				B38108ED276CE97D0033F57D /* iHackerTests */,
				B38108F7276CE97D0033F57D /* iHackerUITests */,
			);
		};
/* End PBXProject section */

/* Begin PBXResourcesBuildPhase section */
		B38108DC276CE97B0033F57D /* Resources */ = {
			isa = PBXResourcesBuildPhase;
			buildActionMask = 2147483647;
			files = (
				B38108E9276CE97D0033F57D /* Preview Assets.xcassets in Resources */,
				B38108E6276CE97D0033F57D /* Assets.xcassets in Resources */,
			);
			runOnlyForDeploymentPostprocessing = 0;
		};
		B38108EC276CE97D0033F57D /* Resources */ = {
			isa = PBXResourcesBuildPhase;
			buildActionMask = 2147483647;
			files = (
				B380792B2775B4470082ECCD /* landmarkData.json in Resources */,
			);
			runOnlyForDeploymentPostprocessing = 0;
		};
		B38108F6276CE97D0033F57D /* Resources */ = {
			isa = PBXResourcesBuildPhase;
			buildActionMask = 2147483647;
			files = (
			);
			runOnlyForDeploymentPostprocessing = 0;
		};
/* End PBXResourcesBuildPhase section */

/* Begin PBXSourcesBuildPhase section */
		B38108DA276CE97B0033F57D /* Sources */ = {
			isa = PBXSourcesBuildPhase;
			buildActionMask = 2147483647;
			files = (
				B38108E4276CE97B0033F57D /* ContentView.swift in Sources */,
				B38108E2276CE97B0033F57D /* iHackerApp.swift in Sources */,
			);
			runOnlyForDeploymentPostprocessing = 0;
		};
		B38108EA276CE97D0033F57D /* Sources */ = {
			isa = PBXSourcesBuildPhase;
			buildActionMask = 2147483647;
			files = (
				B38079282775A2D10082ECCD /* CombineTests.swift in Sources */,
				B380792F2775BD120082ECCD /* NotificationCenterPublisherTests.swift in Sources */,
				B38108F3276CE97D0033F57D /* iHackerTests.swift in Sources */,
				B3498A762772F1A000557C2F /* QuickTests.swift in Sources */,
				B380792D2775B4B70082ECCD /* LandmarkT.swift in Sources */,
			);
			runOnlyForDeploymentPostprocessing = 0;
		};
		B38108F4276CE97D0033F57D /* Sources */ = {
			isa = PBXSourcesBuildPhase;
			buildActionMask = 2147483647;
			files = (
				B38108FF276CE97D0033F57D /* iHackerUITestsLaunchTests.swift in Sources */,
				B38108FD276CE97D0033F57D /* iHackerUITests.swift in Sources */,
			);
			runOnlyForDeploymentPostprocessing = 0;
		};
/* End PBXSourcesBuildPhase section */

/* Begin PBXTargetDependency section */
		B38108F0276CE97D0033F57D /* PBXTargetDependency */ = {
			isa = PBXTargetDependency;
			target = B38108DD276CE97B0033F57D /* iHacker */;
			targetProxy = B38108EF276CE97D0033F57D /* PBXContainerItemProxy */;
		};
		B38108FA276CE97D0033F57D /* PBXTargetDependency */ = {
			isa = PBXTargetDependency;
			target = B38108DD276CE97B0033F57D /* iHacker */;
			targetProxy = B38108F9276CE97D0033F57D /* PBXContainerItemProxy */;
		};
/* End PBXTargetDependency section */

/* Begin XCBuildConfiguration section */
		B3810900276CE97D0033F57D /* Debug */ = {
			isa = XCBuildConfiguration;
			buildSettings = {
				ALWAYS_SEARCH_USER_PATHS = NO;
				CLANG_ANALYZER_NONNULL = YES;
				CLANG_ANALYZER_NUMBER_OBJECT_CONVERSION = YES_AGGRESSIVE;
				CLANG_CXX_LANGUAGE_STANDARD = "gnu++17";
				CLANG_CXX_LIBRARY = "libc++";
				CLANG_ENABLE_MODULES = YES;
				CLANG_ENABLE_OBJC_ARC = YES;
				CLANG_ENABLE_OBJC_WEAK = YES;
				CLANG_WARN_BLOCK_CAPTURE_AUTORELEASING = YES;
				CLANG_WARN_BOOL_CONVERSION = YES;
				CLANG_WARN_COMMA = YES;
				CLANG_WARN_CONSTANT_CONVERSION = YES;
				CLANG_WARN_DEPRECATED_OBJC_IMPLEMENTATIONS = YES;
				CLANG_WARN_DIRECT_OBJC_ISA_USAGE = YES_ERROR;
				CLANG_WARN_DOCUMENTATION_COMMENTS = YES;
				CLANG_WARN_EMPTY_BODY = YES;
				CLANG_WARN_ENUM_CONVERSION = YES;
				CLANG_WARN_INFINITE_RECURSION = YES;
				CLANG_WARN_INT_CONVERSION = YES;
				CLANG_WARN_NON_LITERAL_NULL_CONVERSION = YES;
				CLANG_WARN_OBJC_IMPLICIT_RETAIN_SELF = YES;
				CLANG_WARN_OBJC_LITERAL_CONVERSION = YES;
				CLANG_WARN_OBJC_ROOT_CLASS = YES_ERROR;
				CLANG_WARN_QUOTED_INCLUDE_IN_FRAMEWORK_HEADER = YES;
				CLANG_WARN_RANGE_LOOP_ANALYSIS = YES;
				CLANG_WARN_STRICT_PROTOTYPES = YES;
				CLANG_WARN_SUSPICIOUS_MOVE = YES;
				CLANG_WARN_UNGUARDED_AVAILABILITY = YES_AGGRESSIVE;
				CLANG_WARN_UNREACHABLE_CODE = YES;
				CLANG_WARN__DUPLICATE_METHOD_MATCH = YES;
				COPY_PHASE_STRIP = NO;
				DEBUG_INFORMATION_FORMAT = dwarf;
				ENABLE_STRICT_OBJC_MSGSEND = YES;
				ENABLE_TESTABILITY = YES;
				GCC_C_LANGUAGE_STANDARD = gnu11;
				GCC_DYNAMIC_NO_PIC = NO;
				GCC_NO_COMMON_BLOCKS = YES;
				GCC_OPTIMIZATION_LEVEL = 0;
				GCC_PREPROCESSOR_DEFINITIONS = (
					"DEBUG=1",
					"$(inherited)",
				);
				GCC_WARN_64_TO_32_BIT_CONVERSION = YES;
				GCC_WARN_ABOUT_RETURN_TYPE = YES_ERROR;
				GCC_WARN_UNDECLARED_SELECTOR = YES;
				GCC_WARN_UNINITIALIZED_AUTOS = YES_AGGRESSIVE;
				GCC_WARN_UNUSED_FUNCTION = YES;
				GCC_WARN_UNUSED_VARIABLE = YES;
				IPHONEOS_DEPLOYMENT_TARGET = 15.2;
				MTL_ENABLE_DEBUG_INFO = INCLUDE_SOURCE;
				MTL_FAST_MATH = YES;
				ONLY_ACTIVE_ARCH = YES;
				SDKROOT = iphoneos;
				SWIFT_ACTIVE_COMPILATION_CONDITIONS = DEBUG;
				SWIFT_OPTIMIZATION_LEVEL = "-Onone";
			};
			name = Debug;
		};
		B3810901276CE97D0033F57D /* Release */ = {
			isa = XCBuildConfiguration;
			buildSettings = {
				ALWAYS_SEARCH_USER_PATHS = NO;
				CLANG_ANALYZER_NONNULL = YES;
				CLANG_ANALYZER_NUMBER_OBJECT_CONVERSION = YES_AGGRESSIVE;
				CLANG_CXX_LANGUAGE_STANDARD = "gnu++17";
				CLANG_CXX_LIBRARY = "libc++";
				CLANG_ENABLE_MODULES = YES;
				CLANG_ENABLE_OBJC_ARC = YES;
				CLANG_ENABLE_OBJC_WEAK = YES;
				CLANG_WARN_BLOCK_CAPTURE_AUTORELEASING = YES;
				CLANG_WARN_BOOL_CONVERSION = YES;
				CLANG_WARN_COMMA = YES;
				CLANG_WARN_CONSTANT_CONVERSION = YES;
				CLANG_WARN_DEPRECATED_OBJC_IMPLEMENTATIONS = YES;
				CLANG_WARN_DIRECT_OBJC_ISA_USAGE = YES_ERROR;
				CLANG_WARN_DOCUMENTATION_COMMENTS = YES;
				CLANG_WARN_EMPTY_BODY = YES;
				CLANG_WARN_ENUM_CONVERSION = YES;
				CLANG_WARN_INFINITE_RECURSION = YES;
				CLANG_WARN_INT_CONVERSION = YES;
				CLANG_WARN_NON_LITERAL_NULL_CONVERSION = YES;
				CLANG_WARN_OBJC_IMPLICIT_RETAIN_SELF = YES;
				CLANG_WARN_OBJC_LITERAL_CONVERSION = YES;
				CLANG_WARN_OBJC_ROOT_CLASS = YES_ERROR;
				CLANG_WARN_QUOTED_INCLUDE_IN_FRAMEWORK_HEADER = YES;
				CLANG_WARN_RANGE_LOOP_ANALYSIS = YES;
				CLANG_WARN_STRICT_PROTOTYPES = YES;
				CLANG_WARN_SUSPICIOUS_MOVE = YES;
				CLANG_WARN_UNGUARDED_AVAILABILITY = YES_AGGRESSIVE;
				CLANG_WARN_UNREACHABLE_CODE = YES;
				CLANG_WARN__DUPLICATE_METHOD_MATCH = YES;
				COPY_PHASE_STRIP = NO;
				DEBUG_INFORMATION_FORMAT = "dwarf-with-dsym";
				ENABLE_NS_ASSERTIONS = NO;
				ENABLE_STRICT_OBJC_MSGSEND = YES;
				GCC_C_LANGUAGE_STANDARD = gnu11;
				GCC_NO_COMMON_BLOCKS = YES;
				GCC_WARN_64_TO_32_BIT_CONVERSION = YES;
				GCC_WARN_ABOUT_RETURN_TYPE = YES_ERROR;
				GCC_WARN_UNDECLARED_SELECTOR = YES;
				GCC_WARN_UNINITIALIZED_AUTOS = YES_AGGRESSIVE;
				GCC_WARN_UNUSED_FUNCTION = YES;
				GCC_WARN_UNUSED_VARIABLE = YES;
				IPHONEOS_DEPLOYMENT_TARGET = 15.2;
				MTL_ENABLE_DEBUG_INFO = NO;
				MTL_FAST_MATH = YES;
				SDKROOT = iphoneos;
				SWIFT_COMPILATION_MODE = wholemodule;
				SWIFT_OPTIMIZATION_LEVEL = "-O";
				VALIDATE_PRODUCT = YES;
			};
			name = Release;
		};
		B3810903276CE97D0033F57D /* Debug */ = {
			isa = XCBuildConfiguration;
			buildSettings = {
				ASSETCATALOG_COMPILER_APPICON_NAME = AppIcon;
				ASSETCATALOG_COMPILER_GLOBAL_ACCENT_COLOR_NAME = AccentColor;
				CODE_SIGN_STYLE = Automatic;
				CURRENT_PROJECT_VERSION = 1;
				DEVELOPMENT_ASSET_PATHS = "\"iHacker/Preview Content\"";
				DEVELOPMENT_TEAM = ZQJGJL288B;
				ENABLE_PREVIEWS = YES;
				GENERATE_INFOPLIST_FILE = YES;
				INFOPLIST_KEY_UIApplicationSceneManifest_Generation = YES;
				INFOPLIST_KEY_UIApplicationSupportsIndirectInputEvents = YES;
				INFOPLIST_KEY_UILaunchScreen_Generation = YES;
				INFOPLIST_KEY_UISupportedInterfaceOrientations_iPad = "UIInterfaceOrientationPortrait UIInterfaceOrientationPortraitUpsideDown UIInterfaceOrientationLandscapeLeft UIInterfaceOrientationLandscapeRight";
				INFOPLIST_KEY_UISupportedInterfaceOrientations_iPhone = "UIInterfaceOrientationPortrait UIInterfaceOrientationLandscapeLeft UIInterfaceOrientationLandscapeRight";
				LD_RUNPATH_SEARCH_PATHS = (
					"$(inherited)",
					"@executable_path/Frameworks",
				);
				MARKETING_VERSION = 1.0;
				PRODUCT_BUNDLE_IDENTIFIER = com.hsg.hacking.iHacker;
				PRODUCT_NAME = "$(TARGET_NAME)";
				SWIFT_EMIT_LOC_STRINGS = YES;
				SWIFT_VERSION = 5.0;
				TARGETED_DEVICE_FAMILY = "1,2";
			};
			name = Debug;
		};
		B3810904276CE97D0033F57D /* Release */ = {
			isa = XCBuildConfiguration;
			buildSettings = {
				ASSETCATALOG_COMPILER_APPICON_NAME = AppIcon;
				ASSETCATALOG_COMPILER_GLOBAL_ACCENT_COLOR_NAME = AccentColor;
				CODE_SIGN_STYLE = Manual;
				CURRENT_PROJECT_VERSION = 1;
				DEVELOPMENT_ASSET_PATHS = "\"iHacker/Preview Content\"";
				DEVELOPMENT_TEAM = "";
				ENABLE_PREVIEWS = YES;
				GENERATE_INFOPLIST_FILE = YES;
				INFOPLIST_KEY_UIApplicationSceneManifest_Generation = YES;
				INFOPLIST_KEY_UIApplicationSupportsIndirectInputEvents = YES;
				INFOPLIST_KEY_UILaunchScreen_Generation = YES;
				INFOPLIST_KEY_UISupportedInterfaceOrientations_iPad = "UIInterfaceOrientationPortrait UIInterfaceOrientationPortraitUpsideDown UIInterfaceOrientationLandscapeLeft UIInterfaceOrientationLandscapeRight";
				INFOPLIST_KEY_UISupportedInterfaceOrientations_iPhone = "UIInterfaceOrientationPortrait UIInterfaceOrientationLandscapeLeft UIInterfaceOrientationLandscapeRight";
				LD_RUNPATH_SEARCH_PATHS = (
					"$(inherited)",
					"@executable_path/Frameworks",
				);
				MARKETING_VERSION = 1.0;
				PRODUCT_BUNDLE_IDENTIFIER = com.hsg.hacking.iHacker;
				PRODUCT_NAME = "$(TARGET_NAME)";
				PROVISIONING_PROFILE_SPECIFIER = "";
				SWIFT_EMIT_LOC_STRINGS = YES;
				SWIFT_VERSION = 5.0;
				TARGETED_DEVICE_FAMILY = "1,2";
			};
			name = Release;
		};
		B3810906276CE97D0033F57D /* Debug */ = {
			isa = XCBuildConfiguration;
			buildSettings = {
				ALWAYS_EMBED_SWIFT_STANDARD_LIBRARIES = YES;
				BUNDLE_LOADER = "$(TEST_HOST)";
				CODE_SIGN_STYLE = Automatic;
				CURRENT_PROJECT_VERSION = 1;
				DEVELOPMENT_TEAM = ZQJGJL288B;
				GENERATE_INFOPLIST_FILE = YES;
				IPHONEOS_DEPLOYMENT_TARGET = 15.2;
				MARKETING_VERSION = 1.0;
				PRODUCT_BUNDLE_IDENTIFIER = com.hsg.hacking.iHackerTests;
				PRODUCT_NAME = "$(TARGET_NAME)";
				SWIFT_EMIT_LOC_STRINGS = NO;
				SWIFT_VERSION = 5.0;
				TARGETED_DEVICE_FAMILY = "1,2";
				TEST_HOST = "$(BUILT_PRODUCTS_DIR)/iHacker.app/iHacker";
			};
			name = Debug;
		};
		B3810907276CE97D0033F57D /* Release */ = {
			isa = XCBuildConfiguration;
			buildSettings = {
				ALWAYS_EMBED_SWIFT_STANDARD_LIBRARIES = YES;
				BUNDLE_LOADER = "$(TEST_HOST)";
				CODE_SIGN_STYLE = Automatic;
				CURRENT_PROJECT_VERSION = 1;
				DEVELOPMENT_TEAM = ZQJGJL288B;
				GENERATE_INFOPLIST_FILE = YES;
				IPHONEOS_DEPLOYMENT_TARGET = 15.2;
				MARKETING_VERSION = 1.0;
				PRODUCT_BUNDLE_IDENTIFIER = com.hsg.hacking.iHackerTests;
				PRODUCT_NAME = "$(TARGET_NAME)";
				SWIFT_EMIT_LOC_STRINGS = NO;
				SWIFT_VERSION = 5.0;
				TARGETED_DEVICE_FAMILY = "1,2";
				TEST_HOST = "$(BUILT_PRODUCTS_DIR)/iHacker.app/iHacker";
			};
			name = Release;
		};
		B3810909276CE97D0033F57D /* Debug */ = {
			isa = XCBuildConfiguration;
			buildSettings = {
				ALWAYS_EMBED_SWIFT_STANDARD_LIBRARIES = YES;
				CODE_SIGN_STYLE = Automatic;
				CURRENT_PROJECT_VERSION = 1;
				DEVELOPMENT_TEAM = ZQJGJL288B;
				GENERATE_INFOPLIST_FILE = YES;
				MARKETING_VERSION = 1.0;
				PRODUCT_BUNDLE_IDENTIFIER = com.hsg.hacking.iHackerUITests;
				PRODUCT_NAME = "$(TARGET_NAME)";
				SWIFT_EMIT_LOC_STRINGS = NO;
				SWIFT_VERSION = 5.0;
				TARGETED_DEVICE_FAMILY = "1,2";
				TEST_TARGET_NAME = iHacker;
			};
			name = Debug;
		};
		B381090A276CE97D0033F57D /* Release */ = {
			isa = XCBuildConfiguration;
			buildSettings = {
				ALWAYS_EMBED_SWIFT_STANDARD_LIBRARIES = YES;
				CODE_SIGN_STYLE = Automatic;
				CURRENT_PROJECT_VERSION = 1;
				DEVELOPMENT_TEAM = ZQJGJL288B;
				GENERATE_INFOPLIST_FILE = YES;
				MARKETING_VERSION = 1.0;
				PRODUCT_BUNDLE_IDENTIFIER = com.hsg.hacking.iHackerUITests;
				PRODUCT_NAME = "$(TARGET_NAME)";
				SWIFT_EMIT_LOC_STRINGS = NO;
				SWIFT_VERSION = 5.0;
				TARGETED_DEVICE_FAMILY = "1,2";
				TEST_TARGET_NAME = iHacker;
			};
			name = Release;
		};
/* End XCBuildConfiguration section */

/* Begin XCConfigurationList section */
		B38108D9276CE97B0033F57D /* Build configuration list for PBXProject "iHacker" */ = {
			isa = XCConfigurationList;
			buildConfigurations = (
				B3810900276CE97D0033F57D /* Debug */,
				B3810901276CE97D0033F57D /* Release */,
			);
			defaultConfigurationIsVisible = 0;
			defaultConfigurationName = Release;
		};
		B3810902276CE97D0033F57D /* Build configuration list for PBXNativeTarget "iHacker" */ = {
			isa = XCConfigurationList;
			buildConfigurations = (
				B3810903276CE97D0033F57D /* Debug */,
				B3810904276CE97D0033F57D /* Release */,
			);
			defaultConfigurationIsVisible = 0;
			defaultConfigurationName = Release;
		};
		B3810905276CE97D0033F57D /* Build configuration list for PBXNativeTarget "iHackerTests" */ = {
			isa = XCConfigurationList;
			buildConfigurations = (
				B3810906276CE97D0033F57D /* Debug */,
				B3810907276CE97D0033F57D /* Release */,
			);
			defaultConfigurationIsVisible = 0;
			defaultConfigurationName = Release;
		};
		B3810908276CE97D0033F57D /* Build configuration list for PBXNativeTarget "iHackerUITests" */ = {
			isa = XCConfigurationList;
			buildConfigurations = (
				B3810909276CE97D0033F57D /* Debug */,
				B381090A276CE97D0033F57D /* Release */,
			);
			defaultConfigurationIsVisible = 0;
			defaultConfigurationName = Release;
		};
/* End XCConfigurationList section */

/* Begin XCSwiftPackageProductDependency section */
		B3498A712772F17000557C2F /* Quick */ = {
			isa = XCSwiftPackageProductDependency;
			productName = Quick;
		};
		B3498A732772F17B00557C2F /* Nimble */ = {
			isa = XCSwiftPackageProductDependency;
			productName = Nimble;
		};
/* End XCSwiftPackageProductDependency section */
	};
	rootObject = B38108D6276CE97B0033F57D /* Project object */;
}
